
Microsoft Visual Studio Solution File, Format Version 12.00
# Visual Studio Version 17
VisualStudioVersion = 17.14.36127.28 d17.14
MinimumVisualStudioVersion = 10.0.40219.1
Project("{8BC9CEB8-8B4A-11D0-8D11-00A0C91BC942}") = "Resizer", "Resizer\Resizer.vcxproj", "{FD4DEC7C-58EE-41B5-9B2F-1784BA196321}"
EndProject
Global
	GlobalSection(SolutionConfigurationPlatforms) = preSolution
		Debug|x64 = Debug|x64
		Debug|x86 = Debug|x86
		Release|x64 = Release|x64
		Release|x86 = Release|x86
	EndGlobalSection
	GlobalSection(ProjectConfigurationPlatforms) = postSolution
		{FD4DEC7C-58EE-41B5-9B2F-1784BA196321}.Debug|x64.ActiveCfg = Debug|x64
		{FD4DEC7C-58EE-41B5-9B2F-1784BA196321}.Debug|x64.Build.0 = Debug|x64
		{FD4DEC7C-58EE-41B5-9B2F-1784BA196321}.Debug|x86.ActiveCfg = Debug|Win32
		{FD4DEC7C-58EE-41B5-9B2F-1784BA196321}.Debug|x86.Build.0 = Debug|Win32
		{FD4DEC7C-58EE-41B5-9B2F-1784BA196321}.Release|x64.ActiveCfg = Release|x64
		{FD4DEC7C-58EE-41B5-9B2F-1784BA196321}.Release|x64.Build.0 = Release|x64
		{FD4DEC7C-58EE-41B5-9B2F-1784BA196321}.Release|x86.ActiveCfg = Release|Win32
		{FD4DEC7C-58EE-41B5-9B2F-1784BA196321}.Release|x86.Build.0 = Release|Win32
	EndGlobalSection
	GlobalSection(SolutionProperties) = preSolution
		HideSolutionNode = FALSE
	EndGlobalSection
	GlobalSection(ExtensibilityGlobals) = postSolution
		SolutionGuid = {8640DFE1-AD50-490E-A796-484E1E48B69F}
	EndGlobalSection
EndGlobal
